
Microsoft Visual Studio Solution File, Format Version 12.00
# Visual Studio Version 17
VisualStudioVersion = 17.13.35931.197
MinimumVisualStudioVersion = 10.0.40219.1
Project("{FAE04EC0-301F-11D3-BF4B-00C04F79EFBC}") = "Core", "src\core\Core.csproj", "{386EE101-FF65-4B75-863C-C2163C8BE3DA}"
EndProject
Project("{FAE04EC0-301F-11D3-BF4B-00C04F79EFBC}") = "WebApp", "WebApp\WebApp.csproj", "{9CAC092A-5A5B-4698-986A-C93A582364D5}"
EndProject
Global
	GlobalSection(SolutionConfigurationPlatforms) = preSolution
		Debug|Any CPU = Debug|Any CPU
		Release|Any CPU = Release|Any CPU
	EndGlobalSection
	GlobalSection(ProjectConfigurationPlatforms) = postSolution
		{386EE101-FF65-4B75-863C-C2163C8BE3DA}.Debug|Any CPU.ActiveCfg = Debug|Any CPU
		{386EE101-FF65-4B75-863C-C2163C8BE3DA}.Debug|Any CPU.Build.0 = Debug|Any CPU
		{386EE101-FF65-4B75-863C-C2163C8BE3DA}.Release|Any CPU.ActiveCfg = Release|Any CPU
		{386EE101-FF65-4B75-863C-C2163C8BE3DA}.Release|Any CPU.Build.0 = Release|Any CPU
		{9CAC092A-5A5B-4698-986A-C93A582364D5}.Debug|Any CPU.ActiveCfg = Debug|Any CPU
		{9CAC092A-5A5B-4698-986A-C93A582364D5}.Debug|Any CPU.Build.0 = Debug|Any CPU
		{9CAC092A-5A5B-4698-986A-C93A582364D5}.Release|Any CPU.ActiveCfg = Release|Any CPU
		{9CAC092A-5A5B-4698-986A-C93A582364D5}.Release|Any CPU.Build.0 = Release|Any CPU
	EndGlobalSection
	GlobalSection(SolutionProperties) = preSolution
		HideSolutionNode = FALSE
	EndGlobalSection
	GlobalSection(ExtensibilityGlobals) = postSolution
		SolutionGuid = {3CAF2A5E-AA31-4734-9F18-00BA7003BE7F}
	EndGlobalSection
EndGlobal
